
Microsoft Visual Studio Solution File, Format Version 12.00
# Visual Studio 15
VisualStudioVersion = 15.0.28307.489
MinimumVisualStudioVersion = 10.0.40219.1
Project("{8BC9CEB8-8B4A-11D0-8D11-00A0C91BC942}") = "Lua5.3", "Lua5.3\Lua5.3.vcxproj", "{487D1276-4F53-49F7-826D-E3E3EDCEE4EA}"
EndProject
Project("{8BC9CEB8-8B4A-11D0-8D11-00A0C91BC942}") = "LuaTest", "LuaTest\LuaTest.vcxproj", "{BF951CB4-EADD-414B-A19A-908EB1E8EB12}"
EndProject
Project("{8BC9CEB8-8B4A-11D0-8D11-00A0C91BC942}") = "Lua5.1Test", "Lua5.1Test\Lua5.1Test.vcxproj", "{8A9305AE-49F6-458A-98EE-A068E5939B47}"
EndProject
Project("{FAE04EC0-301F-11D3-BF4B-00C04F79EFBC}") = "LuaCSharp", "LuaCSharp\LuaCSharp.csproj", "{B651B49B-4591-454F-88EB-796CF86898C9}"
EndProject
Global
	GlobalSection(SolutionConfigurationPlatforms) = preSolution
		Debug|Any CPU = Debug|Any CPU
		Debug|x64 = Debug|x64
		Debug|x86 = Debug|x86
		Release|Any CPU = Release|Any CPU
		Release|x64 = Release|x64
		Release|x86 = Release|x86
	EndGlobalSection
	GlobalSection(ProjectConfigurationPlatforms) = postSolution
		{487D1276-4F53-49F7-826D-E3E3EDCEE4EA}.Debug|Any CPU.ActiveCfg = Debug|Win32
		{487D1276-4F53-49F7-826D-E3E3EDCEE4EA}.Debug|x64.ActiveCfg = Debug|x64
		{487D1276-4F53-49F7-826D-E3E3EDCEE4EA}.Debug|x64.Build.0 = Debug|x64
		{487D1276-4F53-49F7-826D-E3E3EDCEE4EA}.Debug|x86.ActiveCfg = Debug|Win32
		{487D1276-4F53-49F7-826D-E3E3EDCEE4EA}.Debug|x86.Build.0 = Debug|Win32
		{487D1276-4F53-49F7-826D-E3E3EDCEE4EA}.Release|Any CPU.ActiveCfg = Release|Win32
		{487D1276-4F53-49F7-826D-E3E3EDCEE4EA}.Release|x64.ActiveCfg = Release|x64
		{487D1276-4F53-49F7-826D-E3E3EDCEE4EA}.Release|x64.Build.0 = Release|x64
		{487D1276-4F53-49F7-826D-E3E3EDCEE4EA}.Release|x86.ActiveCfg = Release|Win32
		{487D1276-4F53-49F7-826D-E3E3EDCEE4EA}.Release|x86.Build.0 = Release|Win32
		{BF951CB4-EADD-414B-A19A-908EB1E8EB12}.Debug|Any CPU.ActiveCfg = Debug|Win32
		{BF951CB4-EADD-414B-A19A-908EB1E8EB12}.Debug|x64.ActiveCfg = Debug|x64
		{BF951CB4-EADD-414B-A19A-908EB1E8EB12}.Debug|x64.Build.0 = Debug|x64
		{BF951CB4-EADD-414B-A19A-908EB1E8EB12}.Debug|x86.ActiveCfg = Debug|Win32
		{BF951CB4-EADD-414B-A19A-908EB1E8EB12}.Debug|x86.Build.0 = Debug|Win32
		{BF951CB4-EADD-414B-A19A-908EB1E8EB12}.Release|Any CPU.ActiveCfg = Release|Win32
		{BF951CB4-EADD-414B-A19A-908EB1E8EB12}.Release|x64.ActiveCfg = Release|x64
		{BF951CB4-EADD-414B-A19A-908EB1E8EB12}.Release|x64.Build.0 = Release|x64
		{BF951CB4-EADD-414B-A19A-908EB1E8EB12}.Release|x86.ActiveCfg = Release|Win32
		{BF951CB4-EADD-414B-A19A-908EB1E8EB12}.Release|x86.Build.0 = Release|Win32
		{8A9305AE-49F6-458A-98EE-A068E5939B47}.Debug|Any CPU.ActiveCfg = Debug|Win32
		{8A9305AE-49F6-458A-98EE-A068E5939B47}.Debug|x64.ActiveCfg = Debug|x64
		{8A9305AE-49F6-458A-98EE-A068E5939B47}.Debug|x64.Build.0 = Debug|x64
		{8A9305AE-49F6-458A-98EE-A068E5939B47}.Debug|x86.ActiveCfg = Debug|Win32
		{8A9305AE-49F6-458A-98EE-A068E5939B47}.Debug|x86.Build.0 = Debug|Win32
		{8A9305AE-49F6-458A-98EE-A068E5939B47}.Release|Any CPU.ActiveCfg = Release|Win32
		{8A9305AE-49F6-458A-98EE-A068E5939B47}.Release|x64.ActiveCfg = Release|x64
		{8A9305AE-49F6-458A-98EE-A068E5939B47}.Release|x64.Build.0 = Release|x64
		{8A9305AE-49F6-458A-98EE-A068E5939B47}.Release|x86.ActiveCfg = Release|Win32
		{8A9305AE-49F6-458A-98EE-A068E5939B47}.Release|x86.Build.0 = Release|Win32
		{B651B49B-4591-454F-88EB-796CF86898C9}.Debug|Any CPU.ActiveCfg = Debug|Any CPU
		{B651B49B-4591-454F-88EB-796CF86898C9}.Debug|Any CPU.Build.0 = Debug|Any CPU
		{B651B49B-4591-454F-88EB-796CF86898C9}.Debug|x64.ActiveCfg = Debug|Any CPU
		{B651B49B-4591-454F-88EB-796CF86898C9}.Debug|x64.Build.0 = Debug|Any CPU
		{B651B49B-4591-454F-88EB-796CF86898C9}.Debug|x86.ActiveCfg = Debug|Any CPU
		{B651B49B-4591-454F-88EB-796CF86898C9}.Debug|x86.Build.0 = Debug|Any CPU
		{B651B49B-4591-454F-88EB-796CF86898C9}.Release|Any CPU.ActiveCfg = Release|Any CPU
		{B651B49B-4591-454F-88EB-796CF86898C9}.Release|Any CPU.Build.0 = Release|Any CPU
		{B651B49B-4591-454F-88EB-796CF86898C9}.Release|x64.ActiveCfg = Release|Any CPU
		{B651B49B-4591-454F-88EB-796CF86898C9}.Release|x64.Build.0 = Release|Any CPU
		{B651B49B-4591-454F-88EB-796CF86898C9}.Release|x86.ActiveCfg = Release|Any CPU
		{B651B49B-4591-454F-88EB-796CF86898C9}.Release|x86.Build.0 = Release|Any CPU
	EndGlobalSection
	GlobalSection(SolutionProperties) = preSolution
		HideSolutionNode = FALSE
	EndGlobalSection
	GlobalSection(ExtensibilityGlobals) = postSolution
		SolutionGuid = {C0936AE5-C8D2-4738-8F20-72E19CBDB060}
	EndGlobalSection
EndGlobal
