
Microsoft Visual Studio Solution File, Format Version 12.00
# Visual Studio 15
VisualStudioVersion = 15.0.27703.2026
MinimumVisualStudioVersion = 10.0.40219.1
Project("{9A19103F-16F7-4668-BE54-9A1E7A4F7556}") = "Foolyoo.Server", "Foolyoo.Server\Foolyoo.Server.csproj", "{67A85A33-38B4-46C2-8B81-F4C6484D2A3D}"
EndProject
Project("{9A19103F-16F7-4668-BE54-9A1E7A4F7556}") = "Core", "Core\Core.csproj", "{6BEF9B3E-0F36-4025-B622-4101912EB150}"
EndProject
Project("{9A19103F-16F7-4668-BE54-9A1E7A4F7556}") = "NetWorkLib", "NetWorkLib\NetWorkLib.csproj", "{964C2290-DC53-42D0-961D-654367F0CC4C}"
EndProject
Project("{9A19103F-16F7-4668-BE54-9A1E7A4F7556}") = "TestClient", "TestClient\TestClient.csproj", "{C2BAADA8-C6AE-4832-820E-2D0C68B4F571}"
EndProject
Project("{FAE04EC0-301F-11D3-BF4B-00C04F79EFBC}") = "ServerTest", "ServerTest\ServerTest.csproj", "{062E7597-54FA-4EB8-8B57-02A8631CAC29}"
EndProject
Global
	GlobalSection(SolutionConfigurationPlatforms) = preSolution
		Debug|Any CPU = Debug|Any CPU
		Release|Any CPU = Release|Any CPU
	EndGlobalSection
	GlobalSection(ProjectConfigurationPlatforms) = postSolution
		{67A85A33-38B4-46C2-8B81-F4C6484D2A3D}.Debug|Any CPU.ActiveCfg = Debug|Any CPU
		{67A85A33-38B4-46C2-8B81-F4C6484D2A3D}.Debug|Any CPU.Build.0 = Debug|Any CPU
		{67A85A33-38B4-46C2-8B81-F4C6484D2A3D}.Release|Any CPU.ActiveCfg = Release|Any CPU
		{67A85A33-38B4-46C2-8B81-F4C6484D2A3D}.Release|Any CPU.Build.0 = Release|Any CPU
		{6BEF9B3E-0F36-4025-B622-4101912EB150}.Debug|Any CPU.ActiveCfg = Debug|Any CPU
		{6BEF9B3E-0F36-4025-B622-4101912EB150}.Debug|Any CPU.Build.0 = Debug|Any CPU
		{6BEF9B3E-0F36-4025-B622-4101912EB150}.Release|Any CPU.ActiveCfg = Release|Any CPU
		{6BEF9B3E-0F36-4025-B622-4101912EB150}.Release|Any CPU.Build.0 = Release|Any CPU
		{964C2290-DC53-42D0-961D-654367F0CC4C}.Debug|Any CPU.ActiveCfg = Debug|Any CPU
		{964C2290-DC53-42D0-961D-654367F0CC4C}.Debug|Any CPU.Build.0 = Debug|Any CPU
		{964C2290-DC53-42D0-961D-654367F0CC4C}.Release|Any CPU.ActiveCfg = Release|Any CPU
		{964C2290-DC53-42D0-961D-654367F0CC4C}.Release|Any CPU.Build.0 = Release|Any CPU
		{C2BAADA8-C6AE-4832-820E-2D0C68B4F571}.Debug|Any CPU.ActiveCfg = Debug|Any CPU
		{C2BAADA8-C6AE-4832-820E-2D0C68B4F571}.Debug|Any CPU.Build.0 = Debug|Any CPU
		{C2BAADA8-C6AE-4832-820E-2D0C68B4F571}.Release|Any CPU.ActiveCfg = Release|Any CPU
		{C2BAADA8-C6AE-4832-820E-2D0C68B4F571}.Release|Any CPU.Build.0 = Release|Any CPU
		{062E7597-54FA-4EB8-8B57-02A8631CAC29}.Debug|Any CPU.ActiveCfg = Debug|Any CPU
		{062E7597-54FA-4EB8-8B57-02A8631CAC29}.Debug|Any CPU.Build.0 = Debug|Any CPU
		{062E7597-54FA-4EB8-8B57-02A8631CAC29}.Release|Any CPU.ActiveCfg = Release|Any CPU
		{062E7597-54FA-4EB8-8B57-02A8631CAC29}.Release|Any CPU.Build.0 = Release|Any CPU
	EndGlobalSection
	GlobalSection(SolutionProperties) = preSolution
		HideSolutionNode = FALSE
	EndGlobalSection
	GlobalSection(ExtensibilityGlobals) = postSolution
		SolutionGuid = {058C9D5E-38B0-415D-A3F3-2F1262A13947}
	EndGlobalSection
EndGlobal
